
Microsoft Visual Studio Solution File, Format Version 12.00
# Visual Studio 15
VisualStudioVersion = 15.0.28307.1062
MinimumVisualStudioVersion = 10.0.40219.1
Project("{FAE04EC0-301F-11D3-BF4B-00C04F79EFBC}") = "Polymorphism", "Polymorphism\Polymorphism.csproj", "{4D1F0CAA-F3DD-445C-90BD-65C3B562AA55}"
EndProject
Global
	GlobalSection(SolutionConfigurationPlatforms) = preSolution
		Debug|Any CPU = Debug|Any CPU
		Release|Any CPU = Release|Any CPU
	EndGlobalSection
	GlobalSection(ProjectConfigurationPlatforms) = postSolution
		{4D1F0CAA-F3DD-445C-90BD-65C3B562AA55}.Debug|Any CPU.ActiveCfg = Debug|Any CPU
		{4D1F0CAA-F3DD-445C-90BD-65C3B562AA55}.Debug|Any CPU.Build.0 = Debug|Any CPU
		{4D1F0CAA-F3DD-445C-90BD-65C3B562AA55}.Release|Any CPU.ActiveCfg = Release|Any CPU
		{4D1F0CAA-F3DD-445C-90BD-65C3B562AA55}.Release|Any CPU.Build.0 = Release|Any CPU
	EndGlobalSection
	GlobalSection(SolutionProperties) = preSolution
		HideSolutionNode = FALSE
	EndGlobalSection
	GlobalSection(ExtensibilityGlobals) = postSolution
		SolutionGuid = {1DABC041-50E3-4954-8568-C3EA8EA49C31}
	EndGlobalSection
EndGlobal
